<?xml version="1.0" encoding="utf-8"?>
<Project ToolsVersion="4.0" xmlns="http://schemas.microsoft.com/developer/msbuild/2003">
  <ItemGroup>
    <ClInclude Include="Common\DirectXHelper.h">
      <Filter>Common</Filter>
    </ClInclude>
    <ClInclude Include="Common\StepTimer.h">
      <Filter>Common</Filter>
    </ClInclude>
    <ClInclude Include="Common\DeviceResources.h">
      <Filter>Common</Filter>
    </ClInclude>
    <ClCompile Include="Common\DeviceResources.cpp">
      <Filter>Common</Filter>
    </ClCompile>
    <ClInclude Include="Content\Sample3DSceneRenderer.h">
      <Filter>Content</Filter>
    </ClInclude>
    <ClInclude Include="Content\SampleFpsTextRenderer.h">
      <Filter>Content</Filter>
    </ClInclude>
    <ClInclude Include="Content\ShaderStructures.h">
      <Filter>Content</Filter>
    </ClInclude>
    <ClCompile Include="Content\Sample3DSceneRenderer.cpp">
      <Filter>Content</Filter>
    </ClCompile>
    <ClCompile Include="Content\SampleFpsTextRenderer.cpp">
      <Filter>Content</Filter>
    </ClCompile>
    <FxCompile Include="Content\SamplePixelShader.hlsl">
      <Filter>Content</Filter>
    </FxCompile>
    <FxCompile Include="Content\SampleVertexShader.hlsl">
      <Filter>Content</Filter>
    </FxCompile>
    <Image Include="Assets\LockScreenLogo.scale-200.png">
      <Filter>Assets</Filter>
    </Image>
    <Image Include="Assets\SplashScreen.scale-200.png">
      <Filter>Assets</Filter>
    </Image>
    <Image Include="Assets\Square150x150Logo.scale-200.png">
      <Filter>Assets</Filter>
    </Image>
    <Image Include="Assets\Square44x44Logo.scale-200.png">
      <Filter>Assets</Filter>
    </Image>
    <Image Include="Assets\Square44x44Logo.targetsize-24_altform-unplated.png">
      <Filter>Assets</Filter>
    </Image>
    <Image Include="Assets\Wide310x150Logo.scale-200.png">
      <Filter>Assets</Filter>
    </Image>
    <Filter Include="Resource">
      <UniqueIdentifier>{376f025e-06b0-4be7-a4ae-0e0f30c53326}</UniqueIdentifier>
    </Filter>
    <Filter Include="Pass">
      <UniqueIdentifier>{350cf596-1adb-4710-b676-6001dbd03cef}</UniqueIdentifier>
    </Filter>
    <Filter Include="Game">
      <UniqueIdentifier>{623a36db-2384-4961-98ac-7c1c2e2a22c3}</UniqueIdentifier>
    </Filter>
    <Filter Include="Game\Scene">
      <UniqueIdentifier>{fbfcfc30-eec1-46b1-a922-2d80c24ec81d}</UniqueIdentifier>
    </Filter>
    <Filter Include="Game\Controller">
      <UniqueIdentifier>{37017bc9-f0e8-4b53-bf60-671037a4aaa4}</UniqueIdentifier>
    </Filter>
    <Filter Include="Renderer">
      <UniqueIdentifier>{f8357963-3d75-4ec3-bfb1-5f55280ed356}</UniqueIdentifier>
    </Filter>
    <Filter Include="Assets">
      <UniqueIdentifier>0317185f-c039-4b9a-b6c3-127e3920944c</UniqueIdentifier>
      <Extensions>bmp;fbx;gif;jpg;jpeg;tga;tiff;tif;png</Extensions>
    </Filter>
    <Filter Include="Common">
      <UniqueIdentifier>c1d49136-8211-4be9-a4af-8c09472e48e6</UniqueIdentifier>
    </Filter>
    <ClInclude Include="Resource\BaseLoader.h">
      <Filter>Resource</Filter>
    </ClInclude>
    <ClInclude Include="Game\Scene\CartoonScene.h">
      <Filter>Game\Scene</Filter>
    </ClInclude>
    <ClInclude Include="Pass\OpaquePass.h">
      <Filter>Pass</Filter>
    </ClInclude>
    <ClInclude Include="Renderer\CartoonRenderer.h">
      <Filter>Renderer</Filter>
    </ClInclude>
    <ClInclude Include="Game\Scene\Material.h" />
  </ItemGroup>
  <ItemGroup>
    <ClCompile Include="App.cpp" />
    <ClCompile Include="EngineMain.cpp" />
    <ClCompile Include="pch.cpp" />
    <ClCompile Include="Resource\ShaderLoader.cpp">
      <Filter>Resource</Filter>
    </ClCompile>
    <ClCompile Include="Resource\TextureLoader.cpp">
      <Filter>Resource</Filter>
    </ClCompile>
    <ClCompile Include="Resource\MeshLoader.cpp">
      <Filter>Resource</Filter>
    </ClCompile>
    <ClCompile Include="Resource\BasicShapes.cpp">
      <Filter>Resource</Filter>
    </ClCompile>
    <ClCompile Include="Resource\MainLoader.cpp">
      <Filter>Resource</Filter>
    </ClCompile>
    <ClCompile Include="Pass\BasePass.cpp">
      <Filter>Pass</Filter>
    </ClCompile>
    <ClCompile Include="Game\Scene\BaseScene.cpp">
      <Filter>Game\Scene</Filter>
    </ClCompile>
    <ClCompile Include="Renderer\BaseRenderer.cpp">
      <Filter>Renderer</Filter>
    </ClCompile>
    <ClCompile Include="Game\UserState.cpp">
      <Filter>Game</Filter>
    </ClCompile>
    <ClCompile Include="Game\MoveController.cpp">
      <Filter>Game\Controller</Filter>
    </ClCompile>
    <ClCompile Include="Resource\DDSTextureLoader.cpp">
      <Filter>Resource</Filter>
    </ClCompile>
    <ClCompile Include="Resource\BasicReaderWriter.cpp">
      <Filter>Resource</Filter>
    </ClCompile>
    <ClCompile Include="Resource\BasicLoader.cpp">
      <Filter>Resource</Filter>
    </ClCompile>
    <ClCompile Include="Resource\BaseLoader.cpp">
      <Filter>Resource</Filter>
    </ClCompile>
    <ClCompile Include="Game\Scene\CartoonScene.cpp">
      <Filter>Game\Scene</Filter>
    </ClCompile>
    <ClCompile Include="Pass\OpaquePass.cpp">
      <Filter>Pass</Filter>
    </ClCompile>
    <ClCompile Include="Renderer\CartoonRenderer.cpp">
      <Filter>Renderer</Filter>
    </ClCompile>
    <ClCompile Include="Game\Scene\Material.cpp" />
  </ItemGroup>
  <ItemGroup>
    <ClInclude Include="App.h" />
    <ClInclude Include="EngineMain.h" />
    <ClInclude Include="pch.h" />
    <ClInclude Include="Resource\ShaderLoader.h">
      <Filter>Resource</Filter>
    </ClInclude>
    <ClInclude Include="Resource\TextureLoader.h">
      <Filter>Resource</Filter>
    </ClInclude>
    <ClInclude Include="Resource\MeshLoader.h">
      <Filter>Resource</Filter>
    </ClInclude>
    <ClInclude Include="Resource\BasicMath.h">
      <Filter>Resource</Filter>
    </ClInclude>
    <ClInclude Include="Resource\BasicShapes.h">
      <Filter>Resource</Filter>
    </ClInclude>
    <ClInclude Include="Resource\MainLoader.h">
      <Filter>Resource</Filter>
    </ClInclude>
    <ClInclude Include="Pass\BasePass.h">
      <Filter>Pass</Filter>
    </ClInclude>
    <ClInclude Include="Game\Scene\BaseScene.h">
      <Filter>Game\Scene</Filter>
    </ClInclude>
    <ClInclude Include="Renderer\BaseRenderer.h">
      <Filter>Renderer</Filter>
    </ClInclude>
    <ClInclude Include="Pass\ShaderStruct.h">
      <Filter>Pass</Filter>
    </ClInclude>
    <ClInclude Include="Game\UserState.h">
      <Filter>Game</Filter>
    </ClInclude>
    <ClInclude Include="Game\MoveController.h">
      <Filter>Game\Controller</Filter>
    </ClInclude>
    <ClInclude Include="Resource\DDSTextureLoader.h">
      <Filter>Resource</Filter>
    </ClInclude>
    <ClInclude Include="Resource\BasicReaderWriter.h">
      <Filter>Resource</Filter>
    </ClInclude>
    <ClInclude Include="Resource\BasicLoader.h">
      <Filter>Resource</Filter>
    </ClInclude>
  </ItemGroup>
  <ItemGroup>
    <Image Include="Assets\StoreLogo.png">
      <Filter>Assets</Filter>
    </Image>
    <Image Include="Assets\floor_section1.dds">
      <Filter>Assets</Filter>
    </Image>
    <Image Include="Assets\face_BaseColor.dds">
      <Filter>Assets</Filter>
    </Image>
    <Image Include="Assets\cloth.dds">
      <Filter>Assets</Filter>
    </Image>
  </ItemGroup>
  <ItemGroup>
    <AppxManifest Include="Package.appxmanifest" />
  </ItemGroup>
  <ItemGroup>
    <None Include="Engine_TemporaryKey.pfx" />
    <None Include="Assets\SphereIndex.bin">
      <Filter>Assets</Filter>
    </None>
    <None Include="Assets\Sphere.bin">
      <Filter>Assets</Filter>
    </None>
    <None Include="Assets\faceIndex.bin">
      <Filter>Assets</Filter>
    </None>
    <None Include="Assets\Face.bin">
      <Filter>Assets</Filter>
    </None>
    <None Include="Assets\cloth.bin">
      <Filter>Assets</Filter>
    </None>
    <None Include="Assets\clothIndex.bin">
      <Filter>Assets</Filter>
    </None>
  </ItemGroup>
  <ItemGroup>
    <Filter Include="Content">
      <UniqueIdentifier>e36da7c9-d6dc-4b31-a4de-d880a93a0993</UniqueIdentifier>
    </Filter>
  </ItemGroup>
  <ItemGroup>
    <FxCompile Include="Content\BasicPixelShader.hlsl">
      <Filter>Content</Filter>
    </FxCompile>
    <FxCompile Include="Content\BasicVertexShader.hlsl">
      <Filter>Content</Filter>
    </FxCompile>
  </ItemGroup>
</Project>