<?xml version="1.0" encoding="utf-8"?>
<Project ToolsVersion="4.0" xmlns="http://schemas.microsoft.com/developer/msbuild/2003">
  <ItemGroup>
    <ClInclude Include="Common\DirectXHelper.h">
      <Filter>Common</Filter>
    </ClInclude>
    <ClInclude Include="Common\StepTimer.h">
      <Filter>Common</Filter>
    </ClInclude>
    <ClInclude Include="Common\DeviceResources.h">
      <Filter>Common</Filter>
    </ClInclude>
    <ClCompile Include="Common\DeviceResources.cpp">
      <Filter>Common</Filter>
    </ClCompile>
    <Filter Include="Game">
      <UniqueIdentifier>{623a36db-2384-4961-98ac-7c1c2e2a22c3}</UniqueIdentifier>
    </Filter>
    <Filter Include="Game\Scene">
      <UniqueIdentifier>{fbfcfc30-eec1-46b1-a922-2d80c24ec81d}</UniqueIdentifier>
    </Filter>
    <Filter Include="Game\Controller">
      <UniqueIdentifier>{37017bc9-f0e8-4b53-bf60-671037a4aaa4}</UniqueIdentifier>
    </Filter>
    <Filter Include="Assets">
      <UniqueIdentifier>0317185f-c039-4b9a-b6c3-127e3920944c</UniqueIdentifier>
      <Extensions>bmp;fbx;gif;jpg;jpeg;tga;tiff;tif;png</Extensions>
    </Filter>
    <Filter Include="Common">
      <UniqueIdentifier>c1d49136-8211-4be9-a4af-8c09472e48e6</UniqueIdentifier>
    </Filter>
    <ClInclude Include="Game\Scene\CartoonScene.h">
      <Filter>Game\Scene</Filter>
    </ClInclude>
    <ClInclude Include="ResourceLoad\BaseLoader.h">
      <Filter>ResourceLoad</Filter>
    </ClInclude>
    <ClInclude Include="ResourceLoad\BasicLoader.h">
      <Filter>ResourceLoad</Filter>
    </ClInclude>
    <ClInclude Include="ResourceLoad\BasicMath.h">
      <Filter>ResourceLoad</Filter>
    </ClInclude>
    <ClInclude Include="ResourceLoad\BasicReaderWriter.h">
      <Filter>ResourceLoad</Filter>
    </ClInclude>
    <ClInclude Include="ResourceLoad\BasicShapes.h">
      <Filter>ResourceLoad</Filter>
    </ClInclude>
    <ClInclude Include="ResourceLoad\DDSTextureLoader.h">
      <Filter>ResourceLoad</Filter>
    </ClInclude>
    <ClInclude Include="ResourceLoad\MainLoader.h">
      <Filter>ResourceLoad</Filter>
    </ClInclude>
    <ClInclude Include="ResourceLoad\MeshLoader.h">
      <Filter>ResourceLoad</Filter>
    </ClInclude>
    <ClInclude Include="ResourceLoad\ShaderLoader.h">
      <Filter>ResourceLoad</Filter>
    </ClInclude>
    <ClInclude Include="ResourceLoad\TextureLoader.h">
      <Filter>ResourceLoad</Filter>
    </ClInclude>
    <ClInclude Include="Game\Controller\MoveController.h">
      <Filter>Game\Controller</Filter>
    </ClInclude>
    <ClInclude Include="Game\State\UserState.h">
      <Filter>Game\State</Filter>
    </ClInclude>
    <ClInclude Include="Game\Main\App.h">
      <Filter>Game\Main</Filter>
    </ClInclude>
    <ClInclude Include="Game\Main\EngineMain.h">
      <Filter>Game\Main</Filter>
    </ClInclude>
    <ClInclude Include="Common\Type\Material.h">
      <Filter>Common\Type</Filter>
    </ClInclude>
    <ClInclude Include="Common\Type\Object.h">
      <Filter>Common\Type</Filter>
    </ClInclude>
    <ClInclude Include="RenderPipeline\Renderer\BaseRenderer.h">
      <Filter>RenderPipeline\Renderer</Filter>
    </ClInclude>
    <ClInclude Include="RenderPipeline\Renderer\CartoonRenderer.h">
      <Filter>RenderPipeline\Renderer</Filter>
    </ClInclude>
    <ClInclude Include="RenderPipeline\Renderer\SampleFpsTextRenderer.h">
      <Filter>RenderPipeline\Renderer</Filter>
    </ClInclude>
    <ClInclude Include="RenderPipeline\Pass\BasePass.h">
      <Filter>RenderPipeline\Pass</Filter>
    </ClInclude>
    <ClInclude Include="RenderPipeline\Pass\OpaquePass.h">
      <Filter>RenderPipeline\Pass</Filter>
    </ClInclude>
    <ClInclude Include="RenderPipeline\Pass\ShaderStruct.h">
      <Filter>RenderPipeline\Pass</Filter>
    </ClInclude>
    <ClInclude Include="Common\ShaderStructures.h">
      <Filter>Common</Filter>
    </ClInclude>
  </ItemGroup>
  <ItemGroup>
    <ClCompile Include="pch.cpp" />
    <ClCompile Include="Game\Scene\BaseScene.cpp">
      <Filter>Game\Scene</Filter>
    </ClCompile>
    <ClCompile Include="Game\Scene\CartoonScene.cpp">
      <Filter>Game\Scene</Filter>
    </ClCompile>
    <ClCompile Include="ResourceLoad\BaseLoader.cpp">
      <Filter>ResourceLoad</Filter>
    </ClCompile>
    <ClCompile Include="ResourceLoad\BasicLoader.cpp">
      <Filter>ResourceLoad</Filter>
    </ClCompile>
    <ClCompile Include="ResourceLoad\BasicReaderWriter.cpp">
      <Filter>ResourceLoad</Filter>
    </ClCompile>
    <ClCompile Include="ResourceLoad\BasicShapes.cpp">
      <Filter>ResourceLoad</Filter>
    </ClCompile>
    <ClCompile Include="ResourceLoad\DDSTextureLoader.cpp">
      <Filter>ResourceLoad</Filter>
    </ClCompile>
    <ClCompile Include="ResourceLoad\MainLoader.cpp">
      <Filter>ResourceLoad</Filter>
    </ClCompile>
    <ClCompile Include="ResourceLoad\MeshLoader.cpp">
      <Filter>ResourceLoad</Filter>
    </ClCompile>
    <ClCompile Include="ResourceLoad\ShaderLoader.cpp">
      <Filter>ResourceLoad</Filter>
    </ClCompile>
    <ClCompile Include="ResourceLoad\TextureLoader.cpp">
      <Filter>ResourceLoad</Filter>
    </ClCompile>
    <ClCompile Include="Game\Controller\MoveController.cpp">
      <Filter>Game\Controller</Filter>
    </ClCompile>
    <ClCompile Include="Game\State\UserState.cpp">
      <Filter>Game\State</Filter>
    </ClCompile>
    <ClCompile Include="Game\Main\App.cpp">
      <Filter>Game\Main</Filter>
    </ClCompile>
    <ClCompile Include="Game\Main\EngineMain.cpp">
      <Filter>Game\Main</Filter>
    </ClCompile>
    <ClCompile Include="Common\Type\Material.cpp">
      <Filter>Common\Type</Filter>
    </ClCompile>
    <ClCompile Include="Common\Type\Object.cpp">
      <Filter>Common\Type</Filter>
    </ClCompile>
    <ClCompile Include="RenderPipeline\Renderer\BaseRenderer.cpp">
      <Filter>RenderPipeline\Renderer</Filter>
    </ClCompile>
    <ClCompile Include="RenderPipeline\Renderer\CartoonRenderer.cpp">
      <Filter>RenderPipeline\Renderer</Filter>
    </ClCompile>
    <ClCompile Include="RenderPipeline\Renderer\SampleFpsTextRenderer.cpp">
      <Filter>RenderPipeline\Renderer</Filter>
    </ClCompile>
    <ClCompile Include="RenderPipeline\Pass\BasePass.cpp">
      <Filter>RenderPipeline\Pass</Filter>
    </ClCompile>
    <ClCompile Include="RenderPipeline\Pass\OpaquePass.cpp">
      <Filter>RenderPipeline\Pass</Filter>
    </ClCompile>
  </ItemGroup>
  <ItemGroup>
    <ClInclude Include="pch.h" />
    <ClInclude Include="Game\Scene\BaseScene.h">
      <Filter>Game\Scene</Filter>
    </ClInclude>
  </ItemGroup>
  <ItemGroup>
    <AppxManifest Include="Package.appxmanifest" />
  </ItemGroup>
  <ItemGroup>
    <None Include="Engine_TemporaryKey.pfx" />
    <None Include="Assets\Mesh\cloth.bin">
      <Filter>Assets\Mesh</Filter>
    </None>
    <None Include="Assets\Mesh\clothIndex.bin">
      <Filter>Assets\Mesh</Filter>
    </None>
    <None Include="Assets\Mesh\Face.bin">
      <Filter>Assets\Mesh</Filter>
    </None>
    <None Include="Assets\Mesh\faceIndex.bin">
      <Filter>Assets\Mesh</Filter>
    </None>
    <None Include="Assets\Mesh\Sphere.bin">
      <Filter>Assets\Mesh</Filter>
    </None>
    <None Include="Assets\Mesh\SphereIndex.bin">
      <Filter>Assets\Mesh</Filter>
    </None>
    <None Include="RenderPipeline\ShaderLibrary\Core.hlsli">
      <Filter>RenderPipeline\ShaderLibrary</Filter>
    </None>
    <None Include="RenderPipeline\ShaderLibrary\AtmosphereScattering.hlsli">
      <Filter>RenderPipeline\ShaderLibrary</Filter>
    </None>
  </ItemGroup>
  <ItemGroup>
    <Filter Include="ResourceLoad">
      <UniqueIdentifier>{376f025e-06b0-4be7-a4ae-0e0f30c53326}</UniqueIdentifier>
    </Filter>
    <Filter Include="Game\State">
      <UniqueIdentifier>{eb7401fb-e0cc-4d78-816e-30e0fac3fd3f}</UniqueIdentifier>
    </Filter>
    <Filter Include="Game\Main">
      <UniqueIdentifier>{0d537b9c-1f10-4102-96ca-aa9f4ba6dba3}</UniqueIdentifier>
    </Filter>
    <Filter Include="Common\Type">
      <UniqueIdentifier>{26710a27-6001-40c7-afd3-edf0d0a44e22}</UniqueIdentifier>
    </Filter>
    <Filter Include="RenderPipeline">
      <UniqueIdentifier>{542ece6b-50b0-4867-bb6a-b957ea9d3c12}</UniqueIdentifier>
    </Filter>
    <Filter Include="RenderPipeline\Pass">
      <UniqueIdentifier>{3fccc9c3-4c69-43bd-8147-125cb9c64fb9}</UniqueIdentifier>
    </Filter>
    <Filter Include="RenderPipeline\Renderer">
      <UniqueIdentifier>{cd526ddb-bffd-4e91-8fb9-fc7ccfbd8601}</UniqueIdentifier>
    </Filter>
    <Filter Include="Assets\Shader">
      <UniqueIdentifier>{cdd6c6ab-6cba-4ec8-a500-90c33762fa70}</UniqueIdentifier>
    </Filter>
    <Filter Include="Assets\Mesh">
      <UniqueIdentifier>{f6202666-75b2-4a2d-852b-1adec691112c}</UniqueIdentifier>
    </Filter>
    <Filter Include="Assets\Texture">
      <UniqueIdentifier>{99e65847-93ef-4042-8c89-aafe28d3437c}</UniqueIdentifier>
    </Filter>
    <Filter Include="RenderPipeline\ShaderLibrary">
      <UniqueIdentifier>{5262eca0-6af9-4dfd-96e2-f39a01b3b9d7}</UniqueIdentifier>
    </Filter>
  </ItemGroup>
  <ItemGroup>
    <FxCompile Include="Assets\Shader\CartoonPS.hlsl">
      <Filter>Assets\Shader</Filter>
    </FxCompile>
    <FxCompile Include="Assets\Shader\CartoonVS.hlsl">
      <Filter>Assets\Shader</Filter>
    </FxCompile>
    <FxCompile Include="Assets\Shader\SamplePixelShader.hlsl">
      <Filter>Assets\Shader</Filter>
    </FxCompile>
    <FxCompile Include="Assets\Shader\SampleVertexShader.hlsl">
      <Filter>Assets\Shader</Filter>
    </FxCompile>
  </ItemGroup>
  <ItemGroup>
    <Image Include="Assets\Texture\cloth.dds">
      <Filter>Assets\Texture</Filter>
    </Image>
    <Image Include="Assets\Texture\face_BaseColor.dds">
      <Filter>Assets\Texture</Filter>
    </Image>
    <Image Include="Assets\Texture\floor_section1.dds">
      <Filter>Assets\Texture</Filter>
    </Image>
    <Image Include="Assets\Texture\LockScreenLogo.scale-200.png">
      <Filter>Assets\Texture</Filter>
    </Image>
    <Image Include="Assets\Texture\SplashScreen.scale-200.png">
      <Filter>Assets\Texture</Filter>
    </Image>
    <Image Include="Assets\Texture\Square44x44Logo.scale-200.png">
      <Filter>Assets\Texture</Filter>
    </Image>
    <Image Include="Assets\Texture\Square44x44Logo.targetsize-24_altform-unplated.png">
      <Filter>Assets\Texture</Filter>
    </Image>
    <Image Include="Assets\Texture\Square150x150Logo.scale-200.png">
      <Filter>Assets\Texture</Filter>
    </Image>
    <Image Include="Assets\Texture\StoreLogo.png">
      <Filter>Assets\Texture</Filter>
    </Image>
    <Image Include="Assets\Texture\Wide310x150Logo.scale-200.png">
      <Filter>Assets\Texture</Filter>
    </Image>
  </ItemGroup>
</Project>